// !$*UTF8*$!
{
	archiveVersion = 1;
	classes = {
	};
	objectVersion = 50;
	objects = {

/* Begin PBXBuildFile section */
		AF0C49C0262A748000704733 /* Todo_ListApp.swift in Sources */ = {isa = PBXBuildFile; fileRef = AF0C49BF262A748000704733 /* Todo_ListApp.swift */; };
		AF0C49C2262A748000704733 /* ContentView.swift in Sources */ = {isa = PBXBuildFile; fileRef = AF0C49C1262A748000704733 /* ContentView.swift */; };
		AF0C49C4262A748100704733 /* Assets.xcassets in Resources */ = {isa = PBXBuildFile; fileRef = AF0C49C3262A748100704733 /* Assets.xcassets */; };
		AF0C49C7262A748100704733 /* Preview Assets.xcassets in Resources */ = {isa = PBXBuildFile; fileRef = AF0C49C6262A748100704733 /* Preview Assets.xcassets */; };
		AF0C49D2262A748100704733 /* Todo_ListTests.swift in Sources */ = {isa = PBXBuildFile; fileRef = AF0C49D1262A748100704733 /* Todo_ListTests.swift */; };
		AF0C49DD262A748100704733 /* Todo_ListUITests.swift in Sources */ = {isa = PBXBuildFile; fileRef = AF0C49DC262A748100704733 /* Todo_ListUITests.swift */; };
		AF0C49F0262A769B00704733 /* Tasks.swift in Sources */ = {isa = PBXBuildFile; fileRef = AF0C49EF262A769B00704733 /* Tasks.swift */; };
		AF0C49F8262A850900704733 /* TaskCell.swift in Sources */ = {isa = PBXBuildFile; fileRef = AF0C49F7262A850900704733 /* TaskCell.swift */; };
/* End PBXBuildFile section */

/* Begin PBXContainerItemProxy section */
		AF0C49CE262A748100704733 /* PBXContainerItemProxy */ = {
			isa = PBXContainerItemProxy;
			containerPortal = AF0C49B4262A748000704733 /* Project object */;
			proxyType = 1;
			remoteGlobalIDString = AF0C49BB262A748000704733;
			remoteInfo = "Todo List";
		};
		AF0C49D9262A748100704733 /* PBXContainerItemProxy */ = {
			isa = PBXContainerItemProxy;
			containerPortal = AF0C49B4262A748000704733 /* Project object */;
			proxyType = 1;
			remoteGlobalIDString = AF0C49BB262A748000704733;
			remoteInfo = "Todo List";
		};
/* End PBXContainerItemProxy section */

/* Begin PBXFileReference section */
		AF0C49BC262A748000704733 /* Todo List.app */ = {isa = PBXFileReference; explicitFileType = wrapper.application; includeInIndex = 0; path = "Todo List.app"; sourceTree = BUILT_PRODUCTS_DIR; };
		AF0C49BF262A748000704733 /* Todo_ListApp.swift */ = {isa = PBXFileReference; lastKnownFileType = sourcecode.swift; path = Todo_ListApp.swift; sourceTree = "<group>"; };
		AF0C49C1262A748000704733 /* ContentView.swift */ = {isa = PBXFileReference; lastKnownFileType = sourcecode.swift; path = ContentView.swift; sourceTree = "<group>"; };
		AF0C49C3262A748100704733 /* Assets.xcassets */ = {isa = PBXFileReference; lastKnownFileType = folder.assetcatalog; path = Assets.xcassets; sourceTree = "<group>"; };
		AF0C49C6262A748100704733 /* Preview Assets.xcassets */ = {isa = PBXFileReference; lastKnownFileType = folder.assetcatalog; path = "Preview Assets.xcassets"; sourceTree = "<group>"; };
		AF0C49C8262A748100704733 /* Info.plist */ = {isa = PBXFileReference; lastKnownFileType = text.plist.xml; path = Info.plist; sourceTree = "<group>"; };
		AF0C49CD262A748100704733 /* Todo ListTests.xctest */ = {isa = PBXFileReference; explicitFileType = wrapper.cfbundle; includeInIndex = 0; path = "Todo ListTests.xctest"; sourceTree = BUILT_PRODUCTS_DIR; };
		AF0C49D1262A748100704733 /* Todo_ListTests.swift */ = {isa = PBXFileReference; lastKnownFileType = sourcecode.swift; path = Todo_ListTests.swift; sourceTree = "<group>"; };
		AF0C49D3262A748100704733 /* Info.plist */ = {isa = PBXFileReference; lastKnownFileType = text.plist.xml; path = Info.plist; sourceTree = "<group>"; };
		AF0C49D8262A748100704733 /* Todo ListUITests.xctest */ = {isa = PBXFileReference; explicitFileType = wrapper.cfbundle; includeInIndex = 0; path = "Todo ListUITests.xctest"; sourceTree = BUILT_PRODUCTS_DIR; };
		AF0C49DC262A748100704733 /* Todo_ListUITests.swift */ = {isa = PBXFileReference; lastKnownFileType = sourcecode.swift; path = Todo_ListUITests.swift; sourceTree = "<group>"; };
		AF0C49DE262A748100704733 /* Info.plist */ = {isa = PBXFileReference; lastKnownFileType = text.plist.xml; path = Info.plist; sourceTree = "<group>"; };
		AF0C49EF262A769B00704733 /* Tasks.swift */ = {isa = PBXFileReference; lastKnownFileType = sourcecode.swift; path = Tasks.swift; sourceTree = "<group>"; };
		AF0C49F7262A850900704733 /* TaskCell.swift */ = {isa = PBXFileReference; lastKnownFileType = sourcecode.swift; path = TaskCell.swift; sourceTree = "<group>"; };
/* End PBXFileReference section */

/* Begin PBXFrameworksBuildPhase section */
		AF0C49B9262A748000704733 /* Frameworks */ = {
			isa = PBXFrameworksBuildPhase;
			buildActionMask = 2147483647;
			files = (
			);
			runOnlyForDeploymentPostprocessing = 0;
		};
		AF0C49CA262A748100704733 /* Frameworks */ = {
			isa = PBXFrameworksBuildPhase;
			buildActionMask = 2147483647;
			files = (
			);
			runOnlyForDeploymentPostprocessing = 0;
		};
		AF0C49D5262A748100704733 /* Frameworks */ = {
			isa = PBXFrameworksBuildPhase;
			buildActionMask = 2147483647;
			files = (
			);
			runOnlyForDeploymentPostprocessing = 0;
		};
/* End PBXFrameworksBuildPhase section */

/* Begin PBXGroup section */
		AF0C49B3262A748000704733 = {
			isa = PBXGroup;
			children = (
				AF0C49BE262A748000704733 /* Todo List */,
				AF0C49D0262A748100704733 /* Todo ListTests */,
				AF0C49DB262A748100704733 /* Todo ListUITests */,
				AF0C49BD262A748000704733 /* Products */,
			);
			sourceTree = "<group>";
		};
		AF0C49BD262A748000704733 /* Products */ = {
			isa = PBXGroup;
			children = (
				AF0C49BC262A748000704733 /* Todo List.app */,
				AF0C49CD262A748100704733 /* Todo ListTests.xctest */,
				AF0C49D8262A748100704733 /* Todo ListUITests.xctest */,
			);
			name = Products;
			sourceTree = "<group>";
		};
		AF0C49BE262A748000704733 /* Todo List */ = {
			isa = PBXGroup;
			children = (
				AF0C49EE262A767F00704733 /* Views */,
				AF0C49ED262A764E00704733 /* Models */,
				AF0C49C3262A748100704733 /* Assets.xcassets */,
				AF0C49C8262A748100704733 /* Info.plist */,
				AF0C49C5262A748100704733 /* Preview Content */,
			);
			path = "Todo List";
			sourceTree = "<group>";
		};
		AF0C49C5262A748100704733 /* Preview Content */ = {
			isa = PBXGroup;
			children = (
				AF0C49C6262A748100704733 /* Preview Assets.xcassets */,
			);
			path = "Preview Content";
			sourceTree = "<group>";
		};
		AF0C49D0262A748100704733 /* Todo ListTests */ = {
			isa = PBXGroup;
			children = (
				AF0C49D1262A748100704733 /* Todo_ListTests.swift */,
				AF0C49D3262A748100704733 /* Info.plist */,
			);
			path = "Todo ListTests";
			sourceTree = "<group>";
		};
		AF0C49DB262A748100704733 /* Todo ListUITests */ = {
			isa = PBXGroup;
			children = (
				AF0C49DC262A748100704733 /* Todo_ListUITests.swift */,
				AF0C49DE262A748100704733 /* Info.plist */,
			);
			path = "Todo ListUITests";
			sourceTree = "<group>";
		};
		AF0C49ED262A764E00704733 /* Models */ = {
			isa = PBXGroup;
			children = (
				AF0C49EF262A769B00704733 /* Tasks.swift */,
			);
			path = Models;
			sourceTree = "<group>";
		};
		AF0C49EE262A767F00704733 /* Views */ = {
			isa = PBXGroup;
			children = (
				AF0C49C1262A748000704733 /* ContentView.swift */,
				AF0C49BF262A748000704733 /* Todo_ListApp.swift */,
				AF0C49F7262A850900704733 /* TaskCell.swift */,
			);
			path = Views;
			sourceTree = "<group>";
		};
/* End PBXGroup section */

/* Begin PBXNativeTarget section */
		AF0C49BB262A748000704733 /* Todo List */ = {
			isa = PBXNativeTarget;
			buildConfigurationList = AF0C49E1262A748100704733 /* Build configuration list for PBXNativeTarget "Todo List" */;
			buildPhases = (
				AF0C49B8262A748000704733 /* Sources */,
				AF0C49B9262A748000704733 /* Frameworks */,
				AF0C49BA262A748000704733 /* Resources */,
			);
			buildRules = (
			);
			dependencies = (
			);
			name = "Todo List";
			productName = "Todo List";
			productReference = AF0C49BC262A748000704733 /* Todo List.app */;
			productType = "com.apple.product-type.application";
		};
		AF0C49CC262A748100704733 /* Todo ListTests */ = {
			isa = PBXNativeTarget;
			buildConfigurationList = AF0C49E4262A748100704733 /* Build configuration list for PBXNativeTarget "Todo ListTests" */;
			buildPhases = (
				AF0C49C9262A748100704733 /* Sources */,
				AF0C49CA262A748100704733 /* Frameworks */,
				AF0C49CB262A748100704733 /* Resources */,
			);
			buildRules = (
			);
			dependencies = (
				AF0C49CF262A748100704733 /* PBXTargetDependency */,
			);
			name = "Todo ListTests";
			productName = "Todo ListTests";
			productReference = AF0C49CD262A748100704733 /* Todo ListTests.xctest */;
			productType = "com.apple.product-type.bundle.unit-test";
		};
		AF0C49D7262A748100704733 /* Todo ListUITests */ = {
			isa = PBXNativeTarget;
			buildConfigurationList = AF0C49E7262A748100704733 /* Build configuration list for PBXNativeTarget "Todo ListUITests" */;
			buildPhases = (
				AF0C49D4262A748100704733 /* Sources */,
				AF0C49D5262A748100704733 /* Frameworks */,
				AF0C49D6262A748100704733 /* Resources */,
			);
			buildRules = (
			);
			dependencies = (
				AF0C49DA262A748100704733 /* PBXTargetDependency */,
			);
			name = "Todo ListUITests";
			productName = "Todo ListUITests";
			productReference = AF0C49D8262A748100704733 /* Todo ListUITests.xctest */;
			productType = "com.apple.product-type.bundle.ui-testing";
		};
/* End PBXNativeTarget section */

/* Begin PBXProject section */
		AF0C49B4262A748000704733 /* Project object */ = {
			isa = PBXProject;
			attributes = {
				LastSwiftUpdateCheck = 1240;
				LastUpgradeCheck = 1240;
				TargetAttributes = {
					AF0C49BB262A748000704733 = {
						CreatedOnToolsVersion = 12.4;
					};
					AF0C49CC262A748100704733 = {
						CreatedOnToolsVersion = 12.4;
						TestTargetID = AF0C49BB262A748000704733;
					};
					AF0C49D7262A748100704733 = {
						CreatedOnToolsVersion = 12.4;
						TestTargetID = AF0C49BB262A748000704733;
					};
				};
			};
			buildConfigurationList = AF0C49B7262A748000704733 /* Build configuration list for PBXProject "Todo List" */;
			compatibilityVersion = "Xcode 9.3";
			developmentRegion = en;
			hasScannedForEncodings = 0;
			knownRegions = (
				en,
				Base,
			);
			mainGroup = AF0C49B3262A748000704733;
			productRefGroup = AF0C49BD262A748000704733 /* Products */;
			projectDirPath = "";
			projectRoot = "";
			targets = (
				AF0C49BB262A748000704733 /* Todo List */,
				AF0C49CC262A748100704733 /* Todo ListTests */,
				AF0C49D7262A748100704733 /* Todo ListUITests */,
			);
		};
/* End PBXProject section */

/* Begin PBXResourcesBuildPhase section */
		AF0C49BA262A748000704733 /* Resources */ = {
			isa = PBXResourcesBuildPhase;
			buildActionMask = 2147483647;
			files = (
				AF0C49C7262A748100704733 /* Preview Assets.xcassets in Resources */,
				AF0C49C4262A748100704733 /* Assets.xcassets in Resources */,
			);
			runOnlyForDeploymentPostprocessing = 0;
		};
		AF0C49CB262A748100704733 /* Resources */ = {
			isa = PBXResourcesBuildPhase;
			buildActionMask = 2147483647;
			files = (
			);
			runOnlyForDeploymentPostprocessing = 0;
		};
		AF0C49D6262A748100704733 /* Resources */ = {
			isa = PBXResourcesBuildPhase;
			buildActionMask = 2147483647;
			files = (
			);
			runOnlyForDeploymentPostprocessing = 0;
		};
/* End PBXResourcesBuildPhase section */

/* Begin PBXSourcesBuildPhase section */
		AF0C49B8262A748000704733 /* Sources */ = {
			isa = PBXSourcesBuildPhase;
			buildActionMask = 2147483647;
			files = (
				AF0C49C2262A748000704733 /* ContentView.swift in Sources */,
				AF0C49F0262A769B00704733 /* Tasks.swift in Sources */,
				AF0C49F8262A850900704733 /* TaskCell.swift in Sources */,
				AF0C49C0262A748000704733 /* Todo_ListApp.swift in Sources */,
			);
			runOnlyForDeploymentPostprocessing = 0;
		};
		AF0C49C9262A748100704733 /* Sources */ = {
			isa = PBXSourcesBuildPhase;
			buildActionMask = 2147483647;
			files = (
				AF0C49D2262A748100704733 /* Todo_ListTests.swift in Sources */,
			);
			runOnlyForDeploymentPostprocessing = 0;
		};
		AF0C49D4262A748100704733 /* Sources */ = {
			isa = PBXSourcesBuildPhase;
			buildActionMask = 2147483647;
			files = (
				AF0C49DD262A748100704733 /* Todo_ListUITests.swift in Sources */,
			);
			runOnlyForDeploymentPostprocessing = 0;
		};
/* End PBXSourcesBuildPhase section */

/* Begin PBXTargetDependency section */
		AF0C49CF262A748100704733 /* PBXTargetDependency */ = {
			isa = PBXTargetDependency;
			target = AF0C49BB262A748000704733 /* Todo List */;
			targetProxy = AF0C49CE262A748100704733 /* PBXContainerItemProxy */;
		};
		AF0C49DA262A748100704733 /* PBXTargetDependency */ = {
			isa = PBXTargetDependency;
			target = AF0C49BB262A748000704733 /* Todo List */;
			targetProxy = AF0C49D9262A748100704733 /* PBXContainerItemProxy */;
		};
/* End PBXTargetDependency section */

/* Begin XCBuildConfiguration section */
		AF0C49DF262A748100704733 /* Debug */ = {
			isa = XCBuildConfiguration;
			buildSettings = {
				ALWAYS_SEARCH_USER_PATHS = NO;
				CLANG_ANALYZER_NONNULL = YES;
				CLANG_ANALYZER_NUMBER_OBJECT_CONVERSION = YES_AGGRESSIVE;
				CLANG_CXX_LANGUAGE_STANDARD = "gnu++14";
				CLANG_CXX_LIBRARY = "libc++";
				CLANG_ENABLE_MODULES = YES;
				CLANG_ENABLE_OBJC_ARC = YES;
				CLANG_ENABLE_OBJC_WEAK = YES;
				CLANG_WARN_BLOCK_CAPTURE_AUTORELEASING = YES;
				CLANG_WARN_BOOL_CONVERSION = YES;
				CLANG_WARN_COMMA = YES;
				CLANG_WARN_CONSTANT_CONVERSION = YES;
				CLANG_WARN_DEPRECATED_OBJC_IMPLEMENTATIONS = YES;
				CLANG_WARN_DIRECT_OBJC_ISA_USAGE = YES_ERROR;
				CLANG_WARN_DOCUMENTATION_COMMENTS = YES;
				CLANG_WARN_EMPTY_BODY = YES;
				CLANG_WARN_ENUM_CONVERSION = YES;
				CLANG_WARN_INFINITE_RECURSION = YES;
				CLANG_WARN_INT_CONVERSION = YES;
				CLANG_WARN_NON_LITERAL_NULL_CONVERSION = YES;
				CLANG_WARN_OBJC_IMPLICIT_RETAIN_SELF = YES;
				CLANG_WARN_OBJC_LITERAL_CONVERSION = YES;
				CLANG_WARN_OBJC_ROOT_CLASS = YES_ERROR;
				CLANG_WARN_QUOTED_INCLUDE_IN_FRAMEWORK_HEADER = YES;
				CLANG_WARN_RANGE_LOOP_ANALYSIS = YES;
				CLANG_WARN_STRICT_PROTOTYPES = YES;
				CLANG_WARN_SUSPICIOUS_MOVE = YES;
				CLANG_WARN_UNGUARDED_AVAILABILITY = YES_AGGRESSIVE;
				CLANG_WARN_UNREACHABLE_CODE = YES;
				CLANG_WARN__DUPLICATE_METHOD_MATCH = YES;
				COPY_PHASE_STRIP = NO;
				DEBUG_INFORMATION_FORMAT = dwarf;
				ENABLE_STRICT_OBJC_MSGSEND = YES;
				ENABLE_TESTABILITY = YES;
				GCC_C_LANGUAGE_STANDARD = gnu11;
				GCC_DYNAMIC_NO_PIC = NO;
				GCC_NO_COMMON_BLOCKS = YES;
				GCC_OPTIMIZATION_LEVEL = 0;
				GCC_PREPROCESSOR_DEFINITIONS = (
					"DEBUG=1",
					"$(inherited)",
				);
				GCC_WARN_64_TO_32_BIT_CONVERSION = YES;
				GCC_WARN_ABOUT_RETURN_TYPE = YES_ERROR;
				GCC_WARN_UNDECLARED_SELECTOR = YES;
				GCC_WARN_UNINITIALIZED_AUTOS = YES_AGGRESSIVE;
				GCC_WARN_UNUSED_FUNCTION = YES;
				GCC_WARN_UNUSED_VARIABLE = YES;
				IPHONEOS_DEPLOYMENT_TARGET = 14.4;
				MTL_ENABLE_DEBUG_INFO = INCLUDE_SOURCE;
				MTL_FAST_MATH = YES;
				ONLY_ACTIVE_ARCH = YES;
				SDKROOT = iphoneos;
				SWIFT_ACTIVE_COMPILATION_CONDITIONS = DEBUG;
				SWIFT_OPTIMIZATION_LEVEL = "-Onone";
			};
			name = Debug;
		};
		AF0C49E0262A748100704733 /* Release */ = {
			isa = XCBuildConfiguration;
			buildSettings = {
				ALWAYS_SEARCH_USER_PATHS = NO;
				CLANG_ANALYZER_NONNULL = YES;
				CLANG_ANALYZER_NUMBER_OBJECT_CONVERSION = YES_AGGRESSIVE;
				CLANG_CXX_LANGUAGE_STANDARD = "gnu++14";
				CLANG_CXX_LIBRARY = "libc++";
				CLANG_ENABLE_MODULES = YES;
				CLANG_ENABLE_OBJC_ARC = YES;
				CLANG_ENABLE_OBJC_WEAK = YES;
				CLANG_WARN_BLOCK_CAPTURE_AUTORELEASING = YES;
				CLANG_WARN_BOOL_CONVERSION = YES;
				CLANG_WARN_COMMA = YES;
				CLANG_WARN_CONSTANT_CONVERSION = YES;
				CLANG_WARN_DEPRECATED_OBJC_IMPLEMENTATIONS = YES;
				CLANG_WARN_DIRECT_OBJC_ISA_USAGE = YES_ERROR;
				CLANG_WARN_DOCUMENTATION_COMMENTS = YES;
				CLANG_WARN_EMPTY_BODY = YES;
				CLANG_WARN_ENUM_CONVERSION = YES;
				CLANG_WARN_INFINITE_RECURSION = YES;
				CLANG_WARN_INT_CONVERSION = YES;
				CLANG_WARN_NON_LITERAL_NULL_CONVERSION = YES;
				CLANG_WARN_OBJC_IMPLICIT_RETAIN_SELF = YES;
				CLANG_WARN_OBJC_LITERAL_CONVERSION = YES;
				CLANG_WARN_OBJC_ROOT_CLASS = YES_ERROR;
				CLANG_WARN_QUOTED_INCLUDE_IN_FRAMEWORK_HEADER = YES;
				CLANG_WARN_RANGE_LOOP_ANALYSIS = YES;
				CLANG_WARN_STRICT_PROTOTYPES = YES;
				CLANG_WARN_SUSPICIOUS_MOVE = YES;
				CLANG_WARN_UNGUARDED_AVAILABILITY = YES_AGGRESSIVE;
				CLANG_WARN_UNREACHABLE_CODE = YES;
				CLANG_WARN__DUPLICATE_METHOD_MATCH = YES;
				COPY_PHASE_STRIP = NO;
				DEBUG_INFORMATION_FORMAT = "dwarf-with-dsym";
				ENABLE_NS_ASSERTIONS = NO;
				ENABLE_STRICT_OBJC_MSGSEND = YES;
				GCC_C_LANGUAGE_STANDARD = gnu11;
				GCC_NO_COMMON_BLOCKS = YES;
				GCC_WARN_64_TO_32_BIT_CONVERSION = YES;
				GCC_WARN_ABOUT_RETURN_TYPE = YES_ERROR;
				GCC_WARN_UNDECLARED_SELECTOR = YES;
				GCC_WARN_UNINITIALIZED_AUTOS = YES_AGGRESSIVE;
				GCC_WARN_UNUSED_FUNCTION = YES;
				GCC_WARN_UNUSED_VARIABLE = YES;
				IPHONEOS_DEPLOYMENT_TARGET = 14.4;
				MTL_ENABLE_DEBUG_INFO = NO;
				MTL_FAST_MATH = YES;
				SDKROOT = iphoneos;
				SWIFT_COMPILATION_MODE = wholemodule;
				SWIFT_OPTIMIZATION_LEVEL = "-O";
				VALIDATE_PRODUCT = YES;
			};
			name = Release;
		};
		AF0C49E2262A748100704733 /* Debug */ = {
			isa = XCBuildConfiguration;
			buildSettings = {
				ASSETCATALOG_COMPILER_APPICON_NAME = AppIcon;
				ASSETCATALOG_COMPILER_GLOBAL_ACCENT_COLOR_NAME = AccentColor;
				CODE_SIGN_STYLE = Automatic;
				DEVELOPMENT_ASSET_PATHS = "\"Todo List/Preview Content\"";
				DEVELOPMENT_TEAM = 2SKJU27LYK;
				ENABLE_PREVIEWS = YES;
				INFOPLIST_FILE = "Todo List/Info.plist";
				IPHONEOS_DEPLOYMENT_TARGET = 14.0;
				LD_RUNPATH_SEARCH_PATHS = (
					"$(inherited)",
					"@executable_path/Frameworks",
				);
				PRODUCT_BUNDLE_IDENTIFIER = "Mathew-Chanda.Todo-List";
				PRODUCT_NAME = "$(TARGET_NAME)";
				SWIFT_VERSION = 5.0;
				TARGETED_DEVICE_FAMILY = "1,2";
			};
			name = Debug;
		};
		AF0C49E3262A748100704733 /* Release */ = {
			isa = XCBuildConfiguration;
			buildSettings = {
				ASSETCATALOG_COMPILER_APPICON_NAME = AppIcon;
				ASSETCATALOG_COMPILER_GLOBAL_ACCENT_COLOR_NAME = AccentColor;
				CODE_SIGN_STYLE = Automatic;
				DEVELOPMENT_ASSET_PATHS = "\"Todo List/Preview Content\"";
				DEVELOPMENT_TEAM = 2SKJU27LYK;
				ENABLE_PREVIEWS = YES;
				INFOPLIST_FILE = "Todo List/Info.plist";
				IPHONEOS_DEPLOYMENT_TARGET = 14.0;
				LD_RUNPATH_SEARCH_PATHS = (
					"$(inherited)",
					"@executable_path/Frameworks",
				);
				PRODUCT_BUNDLE_IDENTIFIER = "Mathew-Chanda.Todo-List";
				PRODUCT_NAME = "$(TARGET_NAME)";
				SWIFT_VERSION = 5.0;
				TARGETED_DEVICE_FAMILY = "1,2";
			};
			name = Release;
		};
		AF0C49E5262A748100704733 /* Debug */ = {
			isa = XCBuildConfiguration;
			buildSettings = {
				ALWAYS_EMBED_SWIFT_STANDARD_LIBRARIES = YES;
				BUNDLE_LOADER = "$(TEST_HOST)";
				CODE_SIGN_STYLE = Automatic;
				DEVELOPMENT_TEAM = 2SKJU27LYK;
				INFOPLIST_FILE = "Todo ListTests/Info.plist";
				IPHONEOS_DEPLOYMENT_TARGET = 14.0;
				LD_RUNPATH_SEARCH_PATHS = (
					"$(inherited)",
					"@executable_path/Frameworks",
					"@loader_path/Frameworks",
				);
				PRODUCT_BUNDLE_IDENTIFIER = "Mathew-Chanda.Todo-ListTests";
				PRODUCT_NAME = "$(TARGET_NAME)";
				SWIFT_VERSION = 5.0;
				TARGETED_DEVICE_FAMILY = "1,2";
				TEST_HOST = "$(BUILT_PRODUCTS_DIR)/Todo List.app/Todo List";
			};
			name = Debug;
		};
		AF0C49E6262A748100704733 /* Release */ = {
			isa = XCBuildConfiguration;
			buildSettings = {
				ALWAYS_EMBED_SWIFT_STANDARD_LIBRARIES = YES;
				BUNDLE_LOADER = "$(TEST_HOST)";
				CODE_SIGN_STYLE = Automatic;
				DEVELOPMENT_TEAM = 2SKJU27LYK;
				INFOPLIST_FILE = "Todo ListTests/Info.plist";
				IPHONEOS_DEPLOYMENT_TARGET = 14.0;
				LD_RUNPATH_SEARCH_PATHS = (
					"$(inherited)",
					"@executable_path/Frameworks",
					"@loader_path/Frameworks",
				);
				PRODUCT_BUNDLE_IDENTIFIER = "Mathew-Chanda.Todo-ListTests";
				PRODUCT_NAME = "$(TARGET_NAME)";
				SWIFT_VERSION = 5.0;
				TARGETED_DEVICE_FAMILY = "1,2";
				TEST_HOST = "$(BUILT_PRODUCTS_DIR)/Todo List.app/Todo List";
			};
			name = Release;
		};
		AF0C49E8262A748100704733 /* Debug */ = {
			isa = XCBuildConfiguration;
			buildSettings = {
				ALWAYS_EMBED_SWIFT_STANDARD_LIBRARIES = YES;
				CODE_SIGN_STYLE = Automatic;
				DEVELOPMENT_TEAM = 2SKJU27LYK;
				INFOPLIST_FILE = "Todo ListUITests/Info.plist";
				LD_RUNPATH_SEARCH_PATHS = (
					"$(inherited)",
					"@executable_path/Frameworks",
					"@loader_path/Frameworks",
				);
				PRODUCT_BUNDLE_IDENTIFIER = "Mathew-Chanda.Todo-ListUITests";
				PRODUCT_NAME = "$(TARGET_NAME)";
				SWIFT_VERSION = 5.0;
				TARGETED_DEVICE_FAMILY = "1,2";
				TEST_TARGET_NAME = "Todo List";
			};
			name = Debug;
		};
		AF0C49E9262A748100704733 /* Release */ = {
			isa = XCBuildConfiguration;
			buildSettings = {
				ALWAYS_EMBED_SWIFT_STANDARD_LIBRARIES = YES;
				CODE_SIGN_STYLE = Automatic;
				DEVELOPMENT_TEAM = 2SKJU27LYK;
				INFOPLIST_FILE = "Todo ListUITests/Info.plist";
				LD_RUNPATH_SEARCH_PATHS = (
					"$(inherited)",
					"@executable_path/Frameworks",
					"@loader_path/Frameworks",
				);
				PRODUCT_BUNDLE_IDENTIFIER = "Mathew-Chanda.Todo-ListUITests";
				PRODUCT_NAME = "$(TARGET_NAME)";
				SWIFT_VERSION = 5.0;
				TARGETED_DEVICE_FAMILY = "1,2";
				TEST_TARGET_NAME = "Todo List";
			};
			name = Release;
		};
/* End XCBuildConfiguration section */

/* Begin XCConfigurationList section */
		AF0C49B7262A748000704733 /* Build configuration list for PBXProject "Todo List" */ = {
			isa = XCConfigurationList;
			buildConfigurations = (
				AF0C49DF262A748100704733 /* Debug */,
				AF0C49E0262A748100704733 /* Release */,
			);
			defaultConfigurationIsVisible = 0;
			defaultConfigurationName = Release;
		};
		AF0C49E1262A748100704733 /* Build configuration list for PBXNativeTarget "Todo List" */ = {
			isa = XCConfigurationList;
			buildConfigurations = (
				AF0C49E2262A748100704733 /* Debug */,
				AF0C49E3262A748100704733 /* Release */,
			);
			defaultConfigurationIsVisible = 0;
			defaultConfigurationName = Release;
		};
		AF0C49E4262A748100704733 /* Build configuration list for PBXNativeTarget "Todo ListTests" */ = {
			isa = XCConfigurationList;
			buildConfigurations = (
				AF0C49E5262A748100704733 /* Debug */,
				AF0C49E6262A748100704733 /* Release */,
			);
			defaultConfigurationIsVisible = 0;
			defaultConfigurationName = Release;
		};
		AF0C49E7262A748100704733 /* Build configuration list for PBXNativeTarget "Todo ListUITests" */ = {
			isa = XCConfigurationList;
			buildConfigurations = (
				AF0C49E8262A748100704733 /* Debug */,
				AF0C49E9262A748100704733 /* Release */,
			);
			defaultConfigurationIsVisible = 0;
			defaultConfigurationName = Release;
		};
/* End XCConfigurationList section */
	};
	rootObject = AF0C49B4262A748000704733 /* Project object */;
}
